
Microsoft Visual Studio Solution File, Format Version 12.00
# Visual Studio Version 17
VisualStudioVersion = 17.0.32014.148
MinimumVisualStudioVersion = 10.0.40219.1
Project("{9A19103F-16F7-4668-BE54-9A1E7A4F7556}") = "TrackerX.API", "TrackerX.API.csproj", "{6BA86A3A-1EFB-4290-9D3B-CE2B33601F73}"
EndProject
Project("{9A19103F-16F7-4668-BE54-9A1E7A4F7556}") = "TrackerX.Domain.Data", "..\Domain\TrackerX.Domain.Data.csproj", "{880AAA5D-E736-4466-8C49-26AE90805CA1}"
EndProject
Project("{2150E333-8FDC-42A3-9474-1A3956D46DE8}") = "Tests", "Tests", "{33B106B0-367A-4C70-B458-199C179E4B1B}"
EndProject
Project("{9A19103F-16F7-4668-BE54-9A1E7A4F7556}") = "TrackerX.Tests.Unit", "..\Web.Tests\TrackerX.Tests.Unit.csproj", "{3F0B8C6E-DCD8-4B31-B197-B6831FED9B57}"
EndProject
Project("{9A19103F-16F7-4668-BE54-9A1E7A4F7556}") = "TrackerX.Domain", "..\TrackerX.Domain.Infrastructure\TrackerX.Domain.csproj", "{DA4D9C29-7DEE-4AC5-85A3-E2E0BDCFDA37}"
EndProject
Project("{9A19103F-16F7-4668-BE54-9A1E7A4F7556}") = "TrackerX.Core", "..\TrackerX.Core\TrackerX.Core.csproj", "{91A6C8B5-892B-412C-83FB-34043FE617E2}"
EndProject
Global
	GlobalSection(SolutionConfigurationPlatforms) = preSolution
		Debug|Any CPU = Debug|Any CPU
		Release|Any CPU = Release|Any CPU
	EndGlobalSection
	GlobalSection(ProjectConfigurationPlatforms) = postSolution
		{6BA86A3A-1EFB-4290-9D3B-CE2B33601F73}.Debug|Any CPU.ActiveCfg = Debug|Any CPU
		{6BA86A3A-1EFB-4290-9D3B-CE2B33601F73}.Debug|Any CPU.Build.0 = Debug|Any CPU
		{6BA86A3A-1EFB-4290-9D3B-CE2B33601F73}.Release|Any CPU.ActiveCfg = Release|Any CPU
		{6BA86A3A-1EFB-4290-9D3B-CE2B33601F73}.Release|Any CPU.Build.0 = Release|Any CPU
		{880AAA5D-E736-4466-8C49-26AE90805CA1}.Debug|Any CPU.ActiveCfg = Debug|Any CPU
		{880AAA5D-E736-4466-8C49-26AE90805CA1}.Debug|Any CPU.Build.0 = Debug|Any CPU
		{880AAA5D-E736-4466-8C49-26AE90805CA1}.Release|Any CPU.ActiveCfg = Release|Any CPU
		{880AAA5D-E736-4466-8C49-26AE90805CA1}.Release|Any CPU.Build.0 = Release|Any CPU
		{3F0B8C6E-DCD8-4B31-B197-B6831FED9B57}.Debug|Any CPU.ActiveCfg = Debug|Any CPU
		{3F0B8C6E-DCD8-4B31-B197-B6831FED9B57}.Debug|Any CPU.Build.0 = Debug|Any CPU
		{3F0B8C6E-DCD8-4B31-B197-B6831FED9B57}.Release|Any CPU.ActiveCfg = Release|Any CPU
		{3F0B8C6E-DCD8-4B31-B197-B6831FED9B57}.Release|Any CPU.Build.0 = Release|Any CPU
		{DA4D9C29-7DEE-4AC5-85A3-E2E0BDCFDA37}.Debug|Any CPU.ActiveCfg = Debug|Any CPU
		{DA4D9C29-7DEE-4AC5-85A3-E2E0BDCFDA37}.Debug|Any CPU.Build.0 = Debug|Any CPU
		{DA4D9C29-7DEE-4AC5-85A3-E2E0BDCFDA37}.Release|Any CPU.ActiveCfg = Release|Any CPU
		{DA4D9C29-7DEE-4AC5-85A3-E2E0BDCFDA37}.Release|Any CPU.Build.0 = Release|Any CPU
		{91A6C8B5-892B-412C-83FB-34043FE617E2}.Debug|Any CPU.ActiveCfg = Debug|Any CPU
		{91A6C8B5-892B-412C-83FB-34043FE617E2}.Debug|Any CPU.Build.0 = Debug|Any CPU
		{91A6C8B5-892B-412C-83FB-34043FE617E2}.Release|Any CPU.ActiveCfg = Release|Any CPU
		{91A6C8B5-892B-412C-83FB-34043FE617E2}.Release|Any CPU.Build.0 = Release|Any CPU
	EndGlobalSection
	GlobalSection(SolutionProperties) = preSolution
		HideSolutionNode = FALSE
	EndGlobalSection
	GlobalSection(NestedProjects) = preSolution
		{3F0B8C6E-DCD8-4B31-B197-B6831FED9B57} = {33B106B0-367A-4C70-B458-199C179E4B1B}
	EndGlobalSection
	GlobalSection(ExtensibilityGlobals) = postSolution
		SolutionGuid = {57A12A5A-06F3-4C77-B68F-2818C21D7352}
	EndGlobalSection
EndGlobal
