
Microsoft Visual Studio Solution File, Format Version 12.00
# Visual Studio Version 17
VisualStudioVersion = 17.0.32014.148
MinimumVisualStudioVersion = 10.0.40219.1
Project("{9A19103F-16F7-4668-BE54-9A1E7A4F7556}") = "TrackerX.Web", "TrackerX.Web.csproj", "{6BA86A3A-1EFB-4290-9D3B-CE2B33601F73}"
EndProject
Project("{2150E333-8FDC-42A3-9474-1A3956D46DE8}") = "Tests", "Tests", "{33B106B0-367A-4C70-B458-199C179E4B1B}"
EndProject
Project("{9A19103F-16F7-4668-BE54-9A1E7A4F7556}") = "TrackerX.Domain", "..\TrackerX.Domain\TrackerX.Domain.csproj", "{57C9ED01-34DE-4FFC-89E6-2262C4C81979}"
EndProject
Project("{9A19103F-16F7-4668-BE54-9A1E7A4F7556}") = "TrackerX.Domain.Data", "..\TrackerX.Domain.Data\TrackerX.Domain.Data.csproj", "{476F1A8D-7A15-4A13-B841-67C028F40924}"
EndProject
Project("{9A19103F-16F7-4668-BE54-9A1E7A4F7556}") = "TrackerX.Tests.Integration", "..\Tests\TrackerX.Tests.Integration\TrackerX.Tests.Integration.csproj", "{D110053F-75E9-47D9-B0F5-404AFA448812}"
EndProject
Project("{9A19103F-16F7-4668-BE54-9A1E7A4F7556}") = "TrackerX.Tests.Unit", "..\Tests\TrackerX.Tests.Unit\TrackerX.Tests.Unit.csproj", "{02E9322D-B041-4A82-9CC1-19257E03DFC5}"
EndProject
Project("{9A19103F-16F7-4668-BE54-9A1E7A4F7556}") = "TrackerX.OpenAI", "..\TrackerX.OpenAI\TrackerX.OpenAI.csproj", "{7A5792D2-3EB3-43C9-B2EC-BD1F11E77FC5}"
EndProject
Project("{2150E333-8FDC-42A3-9474-1A3956D46DE8}") = "Services", "Services", "{0839082D-F72E-4AD9-9E9D-F76C98DE4DEC}"
EndProject
Project("{9A19103F-16F7-4668-BE54-9A1E7A4F7556}") = "TrackerX.Cryptography", "..\TrackerX.Cryptography\TrackerX.Cryptography.csproj", "{F0E8720C-1E00-4101-BCE2-7050AC76F325}"
EndProject
Project("{9A19103F-16F7-4668-BE54-9A1E7A4F7556}") = "TrackerX.Service.Albums", "..\Services\TrackerX.Service.Albums\TrackerX.Service.Albums.csproj", "{624E8D75-EC29-4C66-991A-8E8CFF081736}"
EndProject
Project("{9A19103F-16F7-4668-BE54-9A1E7A4F7556}") = "TrackerX.Service.Bands", "..\Services\TrackerX.Service.Bands\TrackerX.Service.Bands.csproj", "{34204648-72F7-4227-BB91-639791E2AF64}"
EndProject
Project("{9A19103F-16F7-4668-BE54-9A1E7A4F7556}") = "TrackerX.Service.Infrastructure", "..\Services\TrackerX.Service.Infrastructure\TrackerX.Service.Infrastructure.csproj", "{76C1A0CF-0183-44A2-AFD3-387AEE9841F1}"
EndProject
Project("{9A19103F-16F7-4668-BE54-9A1E7A4F7556}") = "TrackerX.Service.Lessons", "..\Services\TrackerX.Service.Lessons\TrackerX.Service.Lessons.csproj", "{C2F572B4-1248-4BEE-83AC-B20BB32ED10E}"
EndProject
Project("{9A19103F-16F7-4668-BE54-9A1E7A4F7556}") = "TrackerX.Service.Musics", "..\Services\TrackerX.Service.Musics\TrackerX.Service.Musics.csproj", "{DCA2981B-7698-44C7-A7F9-9F1B3AAAE7A9}"
EndProject
Project("{9A19103F-16F7-4668-BE54-9A1E7A4F7556}") = "TrackerX.Service.Accounts", "..\Services\TrackerxX.Service.Accounts\TrackerX.Service.Accounts.csproj", "{71CD0491-DD72-43FA-ACDC-A9B01F254578}"
EndProject
Global
	GlobalSection(SolutionConfigurationPlatforms) = preSolution
		Debug|Any CPU = Debug|Any CPU
		Release|Any CPU = Release|Any CPU
	EndGlobalSection
	GlobalSection(ProjectConfigurationPlatforms) = postSolution
		{6BA86A3A-1EFB-4290-9D3B-CE2B33601F73}.Debug|Any CPU.ActiveCfg = Debug|Any CPU
		{6BA86A3A-1EFB-4290-9D3B-CE2B33601F73}.Debug|Any CPU.Build.0 = Debug|Any CPU
		{6BA86A3A-1EFB-4290-9D3B-CE2B33601F73}.Release|Any CPU.ActiveCfg = Release|Any CPU
		{6BA86A3A-1EFB-4290-9D3B-CE2B33601F73}.Release|Any CPU.Build.0 = Release|Any CPU
		{57C9ED01-34DE-4FFC-89E6-2262C4C81979}.Debug|Any CPU.ActiveCfg = Debug|Any CPU
		{57C9ED01-34DE-4FFC-89E6-2262C4C81979}.Debug|Any CPU.Build.0 = Debug|Any CPU
		{57C9ED01-34DE-4FFC-89E6-2262C4C81979}.Release|Any CPU.ActiveCfg = Release|Any CPU
		{57C9ED01-34DE-4FFC-89E6-2262C4C81979}.Release|Any CPU.Build.0 = Release|Any CPU
		{476F1A8D-7A15-4A13-B841-67C028F40924}.Debug|Any CPU.ActiveCfg = Debug|Any CPU
		{476F1A8D-7A15-4A13-B841-67C028F40924}.Debug|Any CPU.Build.0 = Debug|Any CPU
		{476F1A8D-7A15-4A13-B841-67C028F40924}.Release|Any CPU.ActiveCfg = Release|Any CPU
		{476F1A8D-7A15-4A13-B841-67C028F40924}.Release|Any CPU.Build.0 = Release|Any CPU
		{D110053F-75E9-47D9-B0F5-404AFA448812}.Debug|Any CPU.ActiveCfg = Debug|Any CPU
		{D110053F-75E9-47D9-B0F5-404AFA448812}.Debug|Any CPU.Build.0 = Debug|Any CPU
		{D110053F-75E9-47D9-B0F5-404AFA448812}.Release|Any CPU.ActiveCfg = Release|Any CPU
		{D110053F-75E9-47D9-B0F5-404AFA448812}.Release|Any CPU.Build.0 = Release|Any CPU
		{02E9322D-B041-4A82-9CC1-19257E03DFC5}.Debug|Any CPU.ActiveCfg = Debug|Any CPU
		{02E9322D-B041-4A82-9CC1-19257E03DFC5}.Debug|Any CPU.Build.0 = Debug|Any CPU
		{02E9322D-B041-4A82-9CC1-19257E03DFC5}.Release|Any CPU.ActiveCfg = Release|Any CPU
		{02E9322D-B041-4A82-9CC1-19257E03DFC5}.Release|Any CPU.Build.0 = Release|Any CPU
		{7A5792D2-3EB3-43C9-B2EC-BD1F11E77FC5}.Debug|Any CPU.ActiveCfg = Debug|Any CPU
		{7A5792D2-3EB3-43C9-B2EC-BD1F11E77FC5}.Debug|Any CPU.Build.0 = Debug|Any CPU
		{7A5792D2-3EB3-43C9-B2EC-BD1F11E77FC5}.Release|Any CPU.ActiveCfg = Release|Any CPU
		{7A5792D2-3EB3-43C9-B2EC-BD1F11E77FC5}.Release|Any CPU.Build.0 = Release|Any CPU
		{F0E8720C-1E00-4101-BCE2-7050AC76F325}.Debug|Any CPU.ActiveCfg = Debug|Any CPU
		{F0E8720C-1E00-4101-BCE2-7050AC76F325}.Debug|Any CPU.Build.0 = Debug|Any CPU
		{F0E8720C-1E00-4101-BCE2-7050AC76F325}.Release|Any CPU.ActiveCfg = Release|Any CPU
		{F0E8720C-1E00-4101-BCE2-7050AC76F325}.Release|Any CPU.Build.0 = Release|Any CPU
		{624E8D75-EC29-4C66-991A-8E8CFF081736}.Debug|Any CPU.ActiveCfg = Debug|Any CPU
		{624E8D75-EC29-4C66-991A-8E8CFF081736}.Debug|Any CPU.Build.0 = Debug|Any CPU
		{624E8D75-EC29-4C66-991A-8E8CFF081736}.Release|Any CPU.ActiveCfg = Release|Any CPU
		{624E8D75-EC29-4C66-991A-8E8CFF081736}.Release|Any CPU.Build.0 = Release|Any CPU
		{34204648-72F7-4227-BB91-639791E2AF64}.Debug|Any CPU.ActiveCfg = Debug|Any CPU
		{34204648-72F7-4227-BB91-639791E2AF64}.Debug|Any CPU.Build.0 = Debug|Any CPU
		{34204648-72F7-4227-BB91-639791E2AF64}.Release|Any CPU.ActiveCfg = Release|Any CPU
		{34204648-72F7-4227-BB91-639791E2AF64}.Release|Any CPU.Build.0 = Release|Any CPU
		{76C1A0CF-0183-44A2-AFD3-387AEE9841F1}.Debug|Any CPU.ActiveCfg = Debug|Any CPU
		{76C1A0CF-0183-44A2-AFD3-387AEE9841F1}.Debug|Any CPU.Build.0 = Debug|Any CPU
		{76C1A0CF-0183-44A2-AFD3-387AEE9841F1}.Release|Any CPU.ActiveCfg = Release|Any CPU
		{76C1A0CF-0183-44A2-AFD3-387AEE9841F1}.Release|Any CPU.Build.0 = Release|Any CPU
		{C2F572B4-1248-4BEE-83AC-B20BB32ED10E}.Debug|Any CPU.ActiveCfg = Debug|Any CPU
		{C2F572B4-1248-4BEE-83AC-B20BB32ED10E}.Debug|Any CPU.Build.0 = Debug|Any CPU
		{C2F572B4-1248-4BEE-83AC-B20BB32ED10E}.Release|Any CPU.ActiveCfg = Release|Any CPU
		{C2F572B4-1248-4BEE-83AC-B20BB32ED10E}.Release|Any CPU.Build.0 = Release|Any CPU
		{DCA2981B-7698-44C7-A7F9-9F1B3AAAE7A9}.Debug|Any CPU.ActiveCfg = Debug|Any CPU
		{DCA2981B-7698-44C7-A7F9-9F1B3AAAE7A9}.Debug|Any CPU.Build.0 = Debug|Any CPU
		{DCA2981B-7698-44C7-A7F9-9F1B3AAAE7A9}.Release|Any CPU.ActiveCfg = Release|Any CPU
		{DCA2981B-7698-44C7-A7F9-9F1B3AAAE7A9}.Release|Any CPU.Build.0 = Release|Any CPU
		{71CD0491-DD72-43FA-ACDC-A9B01F254578}.Debug|Any CPU.ActiveCfg = Debug|Any CPU
		{71CD0491-DD72-43FA-ACDC-A9B01F254578}.Debug|Any CPU.Build.0 = Debug|Any CPU
		{71CD0491-DD72-43FA-ACDC-A9B01F254578}.Release|Any CPU.ActiveCfg = Release|Any CPU
		{71CD0491-DD72-43FA-ACDC-A9B01F254578}.Release|Any CPU.Build.0 = Release|Any CPU
	EndGlobalSection
	GlobalSection(SolutionProperties) = preSolution
		HideSolutionNode = FALSE
	EndGlobalSection
	GlobalSection(NestedProjects) = preSolution
		{D110053F-75E9-47D9-B0F5-404AFA448812} = {33B106B0-367A-4C70-B458-199C179E4B1B}
		{02E9322D-B041-4A82-9CC1-19257E03DFC5} = {33B106B0-367A-4C70-B458-199C179E4B1B}
		{624E8D75-EC29-4C66-991A-8E8CFF081736} = {0839082D-F72E-4AD9-9E9D-F76C98DE4DEC}
		{34204648-72F7-4227-BB91-639791E2AF64} = {0839082D-F72E-4AD9-9E9D-F76C98DE4DEC}
		{76C1A0CF-0183-44A2-AFD3-387AEE9841F1} = {0839082D-F72E-4AD9-9E9D-F76C98DE4DEC}
		{C2F572B4-1248-4BEE-83AC-B20BB32ED10E} = {0839082D-F72E-4AD9-9E9D-F76C98DE4DEC}
		{DCA2981B-7698-44C7-A7F9-9F1B3AAAE7A9} = {0839082D-F72E-4AD9-9E9D-F76C98DE4DEC}
		{71CD0491-DD72-43FA-ACDC-A9B01F254578} = {0839082D-F72E-4AD9-9E9D-F76C98DE4DEC}
	EndGlobalSection
	GlobalSection(ExtensibilityGlobals) = postSolution
		SolutionGuid = {57A12A5A-06F3-4C77-B68F-2818C21D7352}
	EndGlobalSection
EndGlobal
